// !$*UTF8*$!
{
	archiveVersion = 1;
	classes = {
	};
	objectVersion = 46;
	objects = {

/* Begin PBXBuildFile section */
		1ABA6AD31EDBC07A00A8A33B /* main.m in Sources */ = {isa = PBXBuildFile; fileRef = 1ABA6AD21EDBC07A00A8A33B /* main.m */; };
		1ABA6AD61EDBC07A00A8A33B /* AppDelegate.m in Sources */ = {isa = PBXBuildFile; fileRef = 1ABA6AD51EDBC07A00A8A33B /* AppDelegate.m */; };
		1ABA6AD91EDBC07A00A8A33B /* ViewController.m in Sources */ = {isa = PBXBuildFile; fileRef = 1ABA6AD81EDBC07A00A8A33B /* ViewController.m */; };
		1ABA6ADC1EDBC07A00A8A33B /* Main.storyboard in Resources */ = {isa = PBXBuildFile; fileRef = 1ABA6ADA1EDBC07A00A8A33B /* Main.storyboard */; };
		1ABA6ADE1EDBC07A00A8A33B /* Assets.xcassets in Resources */ = {isa = PBXBuildFile; fileRef = 1ABA6ADD1EDBC07A00A8A33B /* Assets.xcassets */; };
		1ABA6AE11EDBC07A00A8A33B /* LaunchScreen.storyboard in Resources */ = {isa = PBXBuildFile; fileRef = 1ABA6ADF1EDBC07A00A8A33B /* LaunchScreen.storyboard */; };
		1ABA6AEC1EDBC07A00A8A33B /* demo1Tests.m in Sources */ = {isa = PBXBuildFile; fileRef = 1ABA6AEB1EDBC07A00A8A33B /* demo1Tests.m */; };
		1ABA6AF71EDBC07A00A8A33B /* demo1UITests.m in Sources */ = {isa = PBXBuildFile; fileRef = 1ABA6AF61EDBC07A00A8A33B /* demo1UITests.m */; };
/* End PBXBuildFile section */

/* Begin PBXContainerItemProxy section */
		1ABA6AE81EDBC07A00A8A33B /* PBXContainerItemProxy */ = {
			isa = PBXContainerItemProxy;
			containerPortal = 1ABA6AC61EDBC07A00A8A33B /* Project object */;
			proxyType = 1;
			remoteGlobalIDString = 1ABA6ACD1EDBC07A00A8A33B;
			remoteInfo = demo1;
		};
		1ABA6AF31EDBC07A00A8A33B /* PBXContainerItemProxy */ = {
			isa = PBXContainerItemProxy;
			containerPortal = 1ABA6AC61EDBC07A00A8A33B /* Project object */;
			proxyType = 1;
			remoteGlobalIDString = 1ABA6ACD1EDBC07A00A8A33B;
			remoteInfo = demo1;
		};
/* End PBXContainerItemProxy section */

/* Begin PBXFileReference section */
		1ABA6ACE1EDBC07A00A8A33B /* demo1.app */ = {isa = PBXFileReference; explicitFileType = wrapper.application; includeInIndex = 0; path = demo1.app; sourceTree = BUILT_PRODUCTS_DIR; };
		1ABA6AD21EDBC07A00A8A33B /* main.m */ = {isa = PBXFileReference; lastKnownFileType = sourcecode.c.objc; path = main.m; sourceTree = "<group>"; };
		1ABA6AD41EDBC07A00A8A33B /* AppDelegate.h */ = {isa = PBXFileReference; lastKnownFileType = sourcecode.c.h; path = AppDelegate.h; sourceTree = "<group>"; };
		1ABA6AD51EDBC07A00A8A33B /* AppDelegate.m */ = {isa = PBXFileReference; lastKnownFileType = sourcecode.c.objc; path = AppDelegate.m; sourceTree = "<group>"; };
		1ABA6AD71EDBC07A00A8A33B /* ViewController.h */ = {isa = PBXFileReference; lastKnownFileType = sourcecode.c.h; path = ViewController.h; sourceTree = "<group>"; };
		1ABA6AD81EDBC07A00A8A33B /* ViewController.m */ = {isa = PBXFileReference; lastKnownFileType = sourcecode.c.objc; path = ViewController.m; sourceTree = "<group>"; };
		1ABA6ADB1EDBC07A00A8A33B /* Base */ = {isa = PBXFileReference; lastKnownFileType = file.storyboard; name = Base; path = Base.lproj/Main.storyboard; sourceTree = "<group>"; };
		1ABA6ADD1EDBC07A00A8A33B /* Assets.xcassets */ = {isa = PBXFileReference; lastKnownFileType = folder.assetcatalog; path = Assets.xcassets; sourceTree = "<group>"; };
		1ABA6AE01EDBC07A00A8A33B /* Base */ = {isa = PBXFileReference; lastKnownFileType = file.storyboard; name = Base; path = Base.lproj/LaunchScreen.storyboard; sourceTree = "<group>"; };
		1ABA6AE21EDBC07A00A8A33B /* Info.plist */ = {isa = PBXFileReference; lastKnownFileType = text.plist.xml; path = Info.plist; sourceTree = "<group>"; };
		1ABA6AE71EDBC07A00A8A33B /* demo1Tests.xctest */ = {isa = PBXFileReference; explicitFileType = wrapper.cfbundle; includeInIndex = 0; path = demo1Tests.xctest; sourceTree = BUILT_PRODUCTS_DIR; };
		1ABA6AEB1EDBC07A00A8A33B /* demo1Tests.m */ = {isa = PBXFileReference; lastKnownFileType = sourcecode.c.objc; path = demo1Tests.m; sourceTree = "<group>"; };
		1ABA6AED1EDBC07A00A8A33B /* Info.plist */ = {isa = PBXFileReference; lastKnownFileType = text.plist.xml; path = Info.plist; sourceTree = "<group>"; };
		1ABA6AF21EDBC07A00A8A33B /* demo1UITests.xctest */ = {isa = PBXFileReference; explicitFileType = wrapper.cfbundle; includeInIndex = 0; path = demo1UITests.xctest; sourceTree = BUILT_PRODUCTS_DIR; };
		1ABA6AF61EDBC07A00A8A33B /* demo1UITests.m */ = {isa = PBXFileReference; lastKnownFileType = sourcecode.c.objc; path = demo1UITests.m; sourceTree = "<group>"; };
		1ABA6AF81EDBC07A00A8A33B /* Info.plist */ = {isa = PBXFileReference; lastKnownFileType = text.plist.xml; path = Info.plist; sourceTree = "<group>"; };
/* End PBXFileReference section */

/* Begin PBXFrameworksBuildPhase section */
		1ABA6ACB1EDBC07A00A8A33B /* Frameworks */ = {
			isa = PBXFrameworksBuildPhase;
			buildActionMask = 2147483647;
			files = (
			);
			runOnlyForDeploymentPostprocessing = 0;
		};
		1ABA6AE41EDBC07A00A8A33B /* Frameworks */ = {
			isa = PBXFrameworksBuildPhase;
			buildActionMask = 2147483647;
			files = (
			);
			runOnlyForDeploymentPostprocessing = 0;
		};
		1ABA6AEF1EDBC07A00A8A33B /* Frameworks */ = {
			isa = PBXFrameworksBuildPhase;
			buildActionMask = 2147483647;
			files = (
			);
			runOnlyForDeploymentPostprocessing = 0;
		};
/* End PBXFrameworksBuildPhase section */

/* Begin PBXGroup section */
		1ABA6AC51EDBC07A00A8A33B = {
			isa = PBXGroup;
			children = (
				1ABA6AD01EDBC07A00A8A33B /* demo1 */,
				1ABA6AEA1EDBC07A00A8A33B /* demo1Tests */,
				1ABA6AF51EDBC07A00A8A33B /* demo1UITests */,
				1ABA6ACF1EDBC07A00A8A33B /* Products */,
			);
			sourceTree = "<group>";
		};
		1ABA6ACF1EDBC07A00A8A33B /* Products */ = {
			isa = PBXGroup;
			children = (
				1ABA6ACE1EDBC07A00A8A33B /* demo1.app */,
				1ABA6AE71EDBC07A00A8A33B /* demo1Tests.xctest */,
				1ABA6AF21EDBC07A00A8A33B /* demo1UITests.xctest */,
			);
			name = Products;
			sourceTree = "<group>";
		};
		1ABA6AD01EDBC07A00A8A33B /* demo1 */ = {
			isa = PBXGroup;
			children = (
				1ABA6AD41EDBC07A00A8A33B /* AppDelegate.h */,
				1ABA6AD51EDBC07A00A8A33B /* AppDelegate.m */,
				1ABA6AD71EDBC07A00A8A33B /* ViewController.h */,
				1ABA6AD81EDBC07A00A8A33B /* ViewController.m */,
				1ABA6ADA1EDBC07A00A8A33B /* Main.storyboard */,
				1ABA6ADD1EDBC07A00A8A33B /* Assets.xcassets */,
				1ABA6ADF1EDBC07A00A8A33B /* LaunchScreen.storyboard */,
				1ABA6AE21EDBC07A00A8A33B /* Info.plist */,
				1ABA6AD11EDBC07A00A8A33B /* Supporting Files */,
			);
			path = demo1;
			sourceTree = "<group>";
		};
		1ABA6AD11EDBC07A00A8A33B /* Supporting Files */ = {
			isa = PBXGroup;
			children = (
				1ABA6AD21EDBC07A00A8A33B /* main.m */,
			);
			name = "Supporting Files";
			sourceTree = "<group>";
		};
		1ABA6AEA1EDBC07A00A8A33B /* demo1Tests */ = {
			isa = PBXGroup;
			children = (
				1ABA6AEB1EDBC07A00A8A33B /* demo1Tests.m */,
				1ABA6AED1EDBC07A00A8A33B /* Info.plist */,
			);
			path = demo1Tests;
			sourceTree = "<group>";
		};
		1ABA6AF51EDBC07A00A8A33B /* demo1UITests */ = {
			isa = PBXGroup;
			children = (
				1ABA6AF61EDBC07A00A8A33B /* demo1UITests.m */,
				1ABA6AF81EDBC07A00A8A33B /* Info.plist */,
			);
			path = demo1UITests;
			sourceTree = "<group>";
		};
/* End PBXGroup section */

/* Begin PBXNativeTarget section */
		1ABA6ACD1EDBC07A00A8A33B /* demo1 */ = {
			isa = PBXNativeTarget;
			buildConfigurationList = 1ABA6AFB1EDBC07A00A8A33B /* Build configuration list for PBXNativeTarget "demo1" */;
			buildPhases = (
				1ABA6ACA1EDBC07A00A8A33B /* Sources */,
				1ABA6ACB1EDBC07A00A8A33B /* Frameworks */,
				1ABA6ACC1EDBC07A00A8A33B /* Resources */,
			);
			buildRules = (
			);
			dependencies = (
			);
			name = demo1;
			productName = demo1;
			productReference = 1ABA6ACE1EDBC07A00A8A33B /* demo1.app */;
			productType = "com.apple.product-type.application";
		};
		1ABA6AE61EDBC07A00A8A33B /* demo1Tests */ = {
			isa = PBXNativeTarget;
			buildConfigurationList = 1ABA6AFE1EDBC07A00A8A33B /* Build configuration list for PBXNativeTarget "demo1Tests" */;
			buildPhases = (
				1ABA6AE31EDBC07A00A8A33B /* Sources */,
				1ABA6AE41EDBC07A00A8A33B /* Frameworks */,
				1ABA6AE51EDBC07A00A8A33B /* Resources */,
			);
			buildRules = (
			);
			dependencies = (
				1ABA6AE91EDBC07A00A8A33B /* PBXTargetDependency */,
			);
			name = demo1Tests;
			productName = demo1Tests;
			productReference = 1ABA6AE71EDBC07A00A8A33B /* demo1Tests.xctest */;
			productType = "com.apple.product-type.bundle.unit-test";
		};
		1ABA6AF11EDBC07A00A8A33B /* demo1UITests */ = {
			isa = PBXNativeTarget;
			buildConfigurationList = 1ABA6B011EDBC07A00A8A33B /* Build configuration list for PBXNativeTarget "demo1UITests" */;
			buildPhases = (
				1ABA6AEE1EDBC07A00A8A33B /* Sources */,
				1ABA6AEF1EDBC07A00A8A33B /* Frameworks */,
				1ABA6AF01EDBC07A00A8A33B /* Resources */,
			);
			buildRules = (
			);
			dependencies = (
				1ABA6AF41EDBC07A00A8A33B /* PBXTargetDependency */,
			);
			name = demo1UITests;
			productName = demo1UITests;
			productReference = 1ABA6AF21EDBC07A00A8A33B /* demo1UITests.xctest */;
			productType = "com.apple.product-type.bundle.ui-testing";
		};
/* End PBXNativeTarget section */

/* Begin PBXProject section */
		1ABA6AC61EDBC07A00A8A33B /* Project object */ = {
			isa = PBXProject;
			attributes = {
				LastUpgradeCheck = 0830;
				ORGANIZATIONNAME = liujixin;
				TargetAttributes = {
					1ABA6ACD1EDBC07A00A8A33B = {
						CreatedOnToolsVersion = 8.3.1;
						ProvisioningStyle = Automatic;
					};
					1ABA6AE61EDBC07A00A8A33B = {
						CreatedOnToolsVersion = 8.3.1;
						ProvisioningStyle = Automatic;
						TestTargetID = 1ABA6ACD1EDBC07A00A8A33B;
					};
					1ABA6AF11EDBC07A00A8A33B = {
						CreatedOnToolsVersion = 8.3.1;
						ProvisioningStyle = Automatic;
						TestTargetID = 1ABA6ACD1EDBC07A00A8A33B;
					};
				};
			};
			buildConfigurationList = 1ABA6AC91EDBC07A00A8A33B /* Build configuration list for PBXProject "demo1" */;
			compatibilityVersion = "Xcode 3.2";
			developmentRegion = English;
			hasScannedForEncodings = 0;
			knownRegions = (
				en,
				Base,
			);
			mainGroup = 1ABA6AC51EDBC07A00A8A33B;
			productRefGroup = 1ABA6ACF1EDBC07A00A8A33B /* Products */;
			projectDirPath = "";
			projectRoot = "";
			targets = (
				1ABA6ACD1EDBC07A00A8A33B /* demo1 */,
				1ABA6AE61EDBC07A00A8A33B /* demo1Tests */,
				1ABA6AF11EDBC07A00A8A33B /* demo1UITests */,
			);
		};
/* End PBXProject section */

/* Begin PBXResourcesBuildPhase section */
		1ABA6ACC1EDBC07A00A8A33B /* Resources */ = {
			isa = PBXResourcesBuildPhase;
			buildActionMask = 2147483647;
			files = (
				1ABA6AE11EDBC07A00A8A33B /* LaunchScreen.storyboard in Resources */,
				1ABA6ADE1EDBC07A00A8A33B /* Assets.xcassets in Resources */,
				1ABA6ADC1EDBC07A00A8A33B /* Main.storyboard in Resources */,
			);
			runOnlyForDeploymentPostprocessing = 0;
		};
		1ABA6AE51EDBC07A00A8A33B /* Resources */ = {
			isa = PBXResourcesBuildPhase;
			buildActionMask = 2147483647;
			files = (
			);
			runOnlyForDeploymentPostprocessing = 0;
		};
		1ABA6AF01EDBC07A00A8A33B /* Resources */ = {
			isa = PBXResourcesBuildPhase;
			buildActionMask = 2147483647;
			files = (
			);
			runOnlyForDeploymentPostprocessing = 0;
		};
/* End PBXResourcesBuildPhase section */

/* Begin PBXSourcesBuildPhase section */
		1ABA6ACA1EDBC07A00A8A33B /* Sources */ = {
			isa = PBXSourcesBuildPhase;
			buildActionMask = 2147483647;
			files = (
				1ABA6AD91EDBC07A00A8A33B /* ViewController.m in Sources */,
				1ABA6AD61EDBC07A00A8A33B /* AppDelegate.m in Sources */,
				1ABA6AD31EDBC07A00A8A33B /* main.m in Sources */,
			);
			runOnlyForDeploymentPostprocessing = 0;
		};
		1ABA6AE31EDBC07A00A8A33B /* Sources */ = {
			isa = PBXSourcesBuildPhase;
			buildActionMask = 2147483647;
			files = (
				1ABA6AEC1EDBC07A00A8A33B /* demo1Tests.m in Sources */,
			);
			runOnlyForDeploymentPostprocessing = 0;
		};
		1ABA6AEE1EDBC07A00A8A33B /* Sources */ = {
			isa = PBXSourcesBuildPhase;
			buildActionMask = 2147483647;
			files = (
				1ABA6AF71EDBC07A00A8A33B /* demo1UITests.m in Sources */,
			);
			runOnlyForDeploymentPostprocessing = 0;
		};
/* End PBXSourcesBuildPhase section */

/* Begin PBXTargetDependency section */
		1ABA6AE91EDBC07A00A8A33B /* PBXTargetDependency */ = {
			isa = PBXTargetDependency;
			target = 1ABA6ACD1EDBC07A00A8A33B /* demo1 */;
			targetProxy = 1ABA6AE81EDBC07A00A8A33B /* PBXContainerItemProxy */;
		};
		1ABA6AF41EDBC07A00A8A33B /* PBXTargetDependency */ = {
			isa = PBXTargetDependency;
			target = 1ABA6ACD1EDBC07A00A8A33B /* demo1 */;
			targetProxy = 1ABA6AF31EDBC07A00A8A33B /* PBXContainerItemProxy */;
		};
/* End PBXTargetDependency section */

/* Begin PBXVariantGroup section */
		1ABA6ADA1EDBC07A00A8A33B /* Main.storyboard */ = {
			isa = PBXVariantGroup;
			children = (
				1ABA6ADB1EDBC07A00A8A33B /* Base */,
			);
			name = Main.storyboard;
			sourceTree = "<group>";
		};
		1ABA6ADF1EDBC07A00A8A33B /* LaunchScreen.storyboard */ = {
			isa = PBXVariantGroup;
			children = (
				1ABA6AE01EDBC07A00A8A33B /* Base */,
			);
			name = LaunchScreen.storyboard;
			sourceTree = "<group>";
		};
/* End PBXVariantGroup section */

/* Begin XCBuildConfiguration section */
		1ABA6AF91EDBC07A00A8A33B /* Debug */ = {
			isa = XCBuildConfiguration;
			buildSettings = {
				ALWAYS_SEARCH_USER_PATHS = NO;
				CLANG_ANALYZER_NONNULL = YES;
				CLANG_ANALYZER_NUMBER_OBJECT_CONVERSION = YES_AGGRESSIVE;
				CLANG_CXX_LANGUAGE_STANDARD = "gnu++0x";
				CLANG_CXX_LIBRARY = "libc++";
				CLANG_ENABLE_MODULES = YES;
				CLANG_ENABLE_OBJC_ARC = YES;
				CLANG_WARN_BOOL_CONVERSION = YES;
				CLANG_WARN_CONSTANT_CONVERSION = YES;
				CLANG_WARN_DIRECT_OBJC_ISA_USAGE = YES_ERROR;
				CLANG_WARN_DOCUMENTATION_COMMENTS = YES;
				CLANG_WARN_EMPTY_BODY = YES;
				CLANG_WARN_ENUM_CONVERSION = YES;
				CLANG_WARN_INFINITE_RECURSION = YES;
				CLANG_WARN_INT_CONVERSION = YES;
				CLANG_WARN_OBJC_ROOT_CLASS = YES_ERROR;
				CLANG_WARN_SUSPICIOUS_MOVE = YES;
				CLANG_WARN_UNREACHABLE_CODE = YES;
				CLANG_WARN__DUPLICATE_METHOD_MATCH = YES;
				"CODE_SIGN_IDENTITY[sdk=iphoneos*]" = "iPhone Developer";
				COPY_PHASE_STRIP = NO;
				DEBUG_INFORMATION_FORMAT = dwarf;
				ENABLE_STRICT_OBJC_MSGSEND = YES;
				ENABLE_TESTABILITY = YES;
				GCC_C_LANGUAGE_STANDARD = gnu99;
				GCC_DYNAMIC_NO_PIC = NO;
				GCC_NO_COMMON_BLOCKS = YES;
				GCC_OPTIMIZATION_LEVEL = 0;
				GCC_PREPROCESSOR_DEFINITIONS = (
					"DEBUG=1",
					"$(inherited)",
				);
				GCC_WARN_64_TO_32_BIT_CONVERSION = YES;
				GCC_WARN_ABOUT_RETURN_TYPE = YES_ERROR;
				GCC_WARN_UNDECLARED_SELECTOR = YES;
				GCC_WARN_UNINITIALIZED_AUTOS = YES_AGGRESSIVE;
				GCC_WARN_UNUSED_FUNCTION = YES;
				GCC_WARN_UNUSED_VARIABLE = YES;
				IPHONEOS_DEPLOYMENT_TARGET = 10.3;
				MTL_ENABLE_DEBUG_INFO = YES;
				ONLY_ACTIVE_ARCH = YES;
				SDKROOT = iphoneos;
			};
			name = Debug;
		};
		1ABA6AFA1EDBC07A00A8A33B /* Release */ = {
			isa = XCBuildConfiguration;
			buildSettings = {
				ALWAYS_SEARCH_USER_PATHS = NO;
				CLANG_ANALYZER_NONNULL = YES;
				CLANG_ANALYZER_NUMBER_OBJECT_CONVERSION = YES_AGGRESSIVE;
				CLANG_CXX_LANGUAGE_STANDARD = "gnu++0x";
				CLANG_CXX_LIBRARY = "libc++";
				CLANG_ENABLE_MODULES = YES;
				CLANG_ENABLE_OBJC_ARC = YES;
				CLANG_WARN_BOOL_CONVERSION = YES;
				CLANG_WARN_CONSTANT_CONVERSION = YES;
				CLANG_WARN_DIRECT_OBJC_ISA_USAGE = YES_ERROR;
				CLANG_WARN_DOCUMENTATION_COMMENTS = YES;
				CLANG_WARN_EMPTY_BODY = YES;
				CLANG_WARN_ENUM_CONVERSION = YES;
				CLANG_WARN_INFINITE_RECURSION = YES;
				CLANG_WARN_INT_CONVERSION = YES;
				CLANG_WARN_OBJC_ROOT_CLASS = YES_ERROR;
				CLANG_WARN_SUSPICIOUS_MOVE = YES;
				CLANG_WARN_UNREACHABLE_CODE = YES;
				CLANG_WARN__DUPLICATE_METHOD_MATCH = YES;
				"CODE_SIGN_IDENTITY[sdk=iphoneos*]" = "iPhone Developer";
				COPY_PHASE_STRIP = NO;
				DEBUG_INFORMATION_FORMAT = "dwarf-with-dsym";
				ENABLE_NS_ASSERTIONS = NO;
				ENABLE_STRICT_OBJC_MSGSEND = YES;
				GCC_C_LANGUAGE_STANDARD = gnu99;
				GCC_NO_COMMON_BLOCKS = YES;
				GCC_WARN_64_TO_32_BIT_CONVERSION = YES;
				GCC_WARN_ABOUT_RETURN_TYPE = YES_ERROR;
				GCC_WARN_UNDECLARED_SELECTOR = YES;
				GCC_WARN_UNINITIALIZED_AUTOS = YES_AGGRESSIVE;
				GCC_WARN_UNUSED_FUNCTION = YES;
				GCC_WARN_UNUSED_VARIABLE = YES;
				IPHONEOS_DEPLOYMENT_TARGET = 10.3;
				MTL_ENABLE_DEBUG_INFO = NO;
				SDKROOT = iphoneos;
				VALIDATE_PRODUCT = YES;
			};
			name = Release;
		};
		1ABA6AFC1EDBC07A00A8A33B /* Debug */ = {
			isa = XCBuildConfiguration;
			buildSettings = {
				ASSETCATALOG_COMPILER_APPICON_NAME = AppIcon;
				INFOPLIST_FILE = demo1/Info.plist;
				LD_RUNPATH_SEARCH_PATHS = "$(inherited) @executable_path/Frameworks";
				PRODUCT_BUNDLE_IDENTIFIER = com.ljx.demo1;
				PRODUCT_NAME = "$(TARGET_NAME)";
			};
			name = Debug;
		};
		1ABA6AFD1EDBC07A00A8A33B /* Release */ = {
			isa = XCBuildConfiguration;
			buildSettings = {
				ASSETCATALOG_COMPILER_APPICON_NAME = AppIcon;
				INFOPLIST_FILE = demo1/Info.plist;
				LD_RUNPATH_SEARCH_PATHS = "$(inherited) @executable_path/Frameworks";
				PRODUCT_BUNDLE_IDENTIFIER = com.ljx.demo1;
				PRODUCT_NAME = "$(TARGET_NAME)";
			};
			name = Release;
		};
		1ABA6AFF1EDBC07A00A8A33B /* Debug */ = {
			isa = XCBuildConfiguration;
			buildSettings = {
				BUNDLE_LOADER = "$(TEST_HOST)";
				INFOPLIST_FILE = demo1Tests/Info.plist;
				LD_RUNPATH_SEARCH_PATHS = "$(inherited) @executable_path/Frameworks @loader_path/Frameworks";
				PRODUCT_BUNDLE_IDENTIFIER = com.ljx.demo1Tests;
				PRODUCT_NAME = "$(TARGET_NAME)";
				TEST_HOST = "$(BUILT_PRODUCTS_DIR)/demo1.app/demo1";
			};
			name = Debug;
		};
		1ABA6B001EDBC07A00A8A33B /* Release */ = {
			isa = XCBuildConfiguration;
			buildSettings = {
				BUNDLE_LOADER = "$(TEST_HOST)";
				INFOPLIST_FILE = demo1Tests/Info.plist;
				LD_RUNPATH_SEARCH_PATHS = "$(inherited) @executable_path/Frameworks @loader_path/Frameworks";
				PRODUCT_BUNDLE_IDENTIFIER = com.ljx.demo1Tests;
				PRODUCT_NAME = "$(TARGET_NAME)";
				TEST_HOST = "$(BUILT_PRODUCTS_DIR)/demo1.app/demo1";
			};
			name = Release;
		};
		1ABA6B021EDBC07A00A8A33B /* Debug */ = {
			isa = XCBuildConfiguration;
			buildSettings = {
				INFOPLIST_FILE = demo1UITests/Info.plist;
				LD_RUNPATH_SEARCH_PATHS = "$(inherited) @executable_path/Frameworks @loader_path/Frameworks";
				PRODUCT_BUNDLE_IDENTIFIER = com.ljx.demo1UITests;
				PRODUCT_NAME = "$(TARGET_NAME)";
				TEST_TARGET_NAME = demo1;
			};
			name = Debug;
		};
		1ABA6B031EDBC07A00A8A33B /* Release */ = {
			isa = XCBuildConfiguration;
			buildSettings = {
				INFOPLIST_FILE = demo1UITests/Info.plist;
				LD_RUNPATH_SEARCH_PATHS = "$(inherited) @executable_path/Frameworks @loader_path/Frameworks";
				PRODUCT_BUNDLE_IDENTIFIER = com.ljx.demo1UITests;
				PRODUCT_NAME = "$(TARGET_NAME)";
				TEST_TARGET_NAME = demo1;
			};
			name = Release;
		};
/* End XCBuildConfiguration section */

/* Begin XCConfigurationList section */
		1ABA6AC91EDBC07A00A8A33B /* Build configuration list for PBXProject "demo1" */ = {
			isa = XCConfigurationList;
			buildConfigurations = (
				1ABA6AF91EDBC07A00A8A33B /* Debug */,
				1ABA6AFA1EDBC07A00A8A33B /* Release */,
			);
			defaultConfigurationIsVisible = 0;
			defaultConfigurationName = Release;
		};
		1ABA6AFB1EDBC07A00A8A33B /* Build configuration list for PBXNativeTarget "demo1" */ = {
			isa = XCConfigurationList;
			buildConfigurations = (
				1ABA6AFC1EDBC07A00A8A33B /* Debug */,
				1ABA6AFD1EDBC07A00A8A33B /* Release */,
			);
			defaultConfigurationIsVisible = 0;
		};
		1ABA6AFE1EDBC07A00A8A33B /* Build configuration list for PBXNativeTarget "demo1Tests" */ = {
			isa = XCConfigurationList;
			buildConfigurations = (
				1ABA6AFF1EDBC07A00A8A33B /* Debug */,
				1ABA6B001EDBC07A00A8A33B /* Release */,
			);
			defaultConfigurationIsVisible = 0;
		};
		1ABA6B011EDBC07A00A8A33B /* Build configuration list for PBXNativeTarget "demo1UITests" */ = {
			isa = XCConfigurationList;
			buildConfigurations = (
				1ABA6B021EDBC07A00A8A33B /* Debug */,
				1ABA6B031EDBC07A00A8A33B /* Release */,
			);
			defaultConfigurationIsVisible = 0;
		};
/* End XCConfigurationList section */
	};
	rootObject = 1ABA6AC61EDBC07A00A8A33B /* Project object */;
}
